
Microsoft Visual Studio Solution File, Format Version 12.00
# Visual Studio 15
VisualStudioVersion = 15.0.28307.421
MinimumVisualStudioVersion = 10.0.40219.1
Project("{8BC9CEB8-8B4A-11D0-8D11-00A0C91BC942}") = "bowlingAnimator", "bowlingAnimator\bowlingAnimator.vcxproj", "{D7A5C219-E86F-40CD-861E-D8B0B450E542}"
EndProject
Global
	GlobalSection(SolutionConfigurationPlatforms) = preSolution
		Debug|x64 = Debug|x64
		Debug|x86 = Debug|x86
		Release|x64 = Release|x64
		Release|x86 = Release|x86
	EndGlobalSection
	GlobalSection(ProjectConfigurationPlatforms) = postSolution
		{D7A5C219-E86F-40CD-861E-D8B0B450E542}.Debug|x64.ActiveCfg = Debug|x64
		{D7A5C219-E86F-40CD-861E-D8B0B450E542}.Debug|x64.Build.0 = Debug|x64
		{D7A5C219-E86F-40CD-861E-D8B0B450E542}.Debug|x86.ActiveCfg = Debug|Win32
		{D7A5C219-E86F-40CD-861E-D8B0B450E542}.Debug|x86.Build.0 = Debug|Win32
		{D7A5C219-E86F-40CD-861E-D8B0B450E542}.Release|x64.ActiveCfg = Release|x64
		{D7A5C219-E86F-40CD-861E-D8B0B450E542}.Release|x64.Build.0 = Release|x64
		{D7A5C219-E86F-40CD-861E-D8B0B450E542}.Release|x86.ActiveCfg = Release|Win32
		{D7A5C219-E86F-40CD-861E-D8B0B450E542}.Release|x86.Build.0 = Release|Win32
	EndGlobalSection
	GlobalSection(SolutionProperties) = preSolution
		HideSolutionNode = FALSE
	EndGlobalSection
	GlobalSection(ExtensibilityGlobals) = postSolution
		SolutionGuid = {A788F9EE-3D49-451D-B49D-C9651CD4B6D6}
	EndGlobalSection
EndGlobal
